
Microsoft Visual Studio Solution File, Format Version 12.00
# Visual Studio Version 17
VisualStudioVersion = 17.14.36511.14 d17.14
MinimumVisualStudioVersion = 10.0.40219.1
Project("{FAE04EC0-301F-11D3-BF4B-00C04F79EFBC}") = "Week3-library", "Week3-library\Week3-library.csproj", "{57315243-8C67-44EA-B56E-38233ED43CFC}"
EndProject
Global
	GlobalSection(SolutionConfigurationPlatforms) = preSolution
		Debug|Any CPU = Debug|Any CPU
		Release|Any CPU = Release|Any CPU
	EndGlobalSection
	GlobalSection(ProjectConfigurationPlatforms) = postSolution
		{57315243-8C67-44EA-B56E-38233ED43CFC}.Debug|Any CPU.ActiveCfg = Debug|Any CPU
		{57315243-8C67-44EA-B56E-38233ED43CFC}.Debug|Any CPU.Build.0 = Debug|Any CPU
		{57315243-8C67-44EA-B56E-38233ED43CFC}.Release|Any CPU.ActiveCfg = Release|Any CPU
		{57315243-8C67-44EA-B56E-38233ED43CFC}.Release|Any CPU.Build.0 = Release|Any CPU
	EndGlobalSection
	GlobalSection(SolutionProperties) = preSolution
		HideSolutionNode = FALSE
	EndGlobalSection
	GlobalSection(ExtensibilityGlobals) = postSolution
		SolutionGuid = {270A34BF-F914-4445-8C5A-FC0A50038819}
	EndGlobalSection
EndGlobal
